
Microsoft Visual Studio Solution File, Format Version 12.00
# Visual Studio Version 17
VisualStudioVersion = 17.4.33205.214
MinimumVisualStudioVersion = 10.0.40219.1
Project("{FAE04EC0-301F-11D3-BF4B-00C04F79EFBC}") = "lb8", "lb8\lb8.csproj", "{9A81DBBF-A983-4A53-8BEC-BD3D03FB6F50}"
EndProject
Project("{FAE04EC0-301F-11D3-BF4B-00C04F79EFBC}") = "Lb8.Tests", "Lb8.Tests\Lb8.Tests.csproj", "{C9F2E30B-16EF-4C67-88E7-97532ECB357E}"
EndProject
Global
	GlobalSection(SolutionConfigurationPlatforms) = preSolution
		Debug|Any CPU = Debug|Any CPU
		Release|Any CPU = Release|Any CPU
	EndGlobalSection
	GlobalSection(ProjectConfigurationPlatforms) = postSolution
		{9A81DBBF-A983-4A53-8BEC-BD3D03FB6F50}.Debug|Any CPU.ActiveCfg = Debug|Any CPU
		{9A81DBBF-A983-4A53-8BEC-BD3D03FB6F50}.Debug|Any CPU.Build.0 = Debug|Any CPU
		{9A81DBBF-A983-4A53-8BEC-BD3D03FB6F50}.Release|Any CPU.ActiveCfg = Release|Any CPU
		{9A81DBBF-A983-4A53-8BEC-BD3D03FB6F50}.Release|Any CPU.Build.0 = Release|Any CPU
		{C9F2E30B-16EF-4C67-88E7-97532ECB357E}.Debug|Any CPU.ActiveCfg = Debug|Any CPU
		{C9F2E30B-16EF-4C67-88E7-97532ECB357E}.Debug|Any CPU.Build.0 = Debug|Any CPU
		{C9F2E30B-16EF-4C67-88E7-97532ECB357E}.Release|Any CPU.ActiveCfg = Release|Any CPU
		{C9F2E30B-16EF-4C67-88E7-97532ECB357E}.Release|Any CPU.Build.0 = Release|Any CPU
	EndGlobalSection
	GlobalSection(SolutionProperties) = preSolution
		HideSolutionNode = FALSE
	EndGlobalSection
	GlobalSection(ExtensibilityGlobals) = postSolution
		SolutionGuid = {FCCC00E4-2D24-4D3B-BC1F-B1558CAC4FCD}
	EndGlobalSection
EndGlobal
